
Microsoft Visual Studio Solution File, Format Version 12.00
# Visual Studio Version 17
VisualStudioVersion = 17.4.33213.308
MinimumVisualStudioVersion = 10.0.40219.1
Project("{FAE04EC0-301F-11D3-BF4B-00C04F79EFBC}") = "Main", "Lab3\Main.csproj", "{F8274F6C-0427-4C88-BF4F-FC84D15418C4}"
EndProject
Project("{FAE04EC0-301F-11D3-BF4B-00C04F79EFBC}") = "result", "result\result.csproj", "{0486671D-6486-4252-B187-41CE1D03857A}"
EndProject
Project("{FAE04EC0-301F-11D3-BF4B-00C04F79EFBC}") = "fract", "fract\fract.csproj", "{89CDF5CF-BFDC-4C50-BBF8-C3FD7941DC29}"
EndProject
Global
	GlobalSection(SolutionConfigurationPlatforms) = preSolution
		Debug|Any CPU = Debug|Any CPU
		Release|Any CPU = Release|Any CPU
	EndGlobalSection
	GlobalSection(ProjectConfigurationPlatforms) = postSolution
		{F8274F6C-0427-4C88-BF4F-FC84D15418C4}.Debug|Any CPU.ActiveCfg = Debug|Any CPU
		{F8274F6C-0427-4C88-BF4F-FC84D15418C4}.Debug|Any CPU.Build.0 = Debug|Any CPU
		{F8274F6C-0427-4C88-BF4F-FC84D15418C4}.Release|Any CPU.ActiveCfg = Release|Any CPU
		{F8274F6C-0427-4C88-BF4F-FC84D15418C4}.Release|Any CPU.Build.0 = Release|Any CPU
		{0486671D-6486-4252-B187-41CE1D03857A}.Debug|Any CPU.ActiveCfg = Debug|Any CPU
		{0486671D-6486-4252-B187-41CE1D03857A}.Debug|Any CPU.Build.0 = Debug|Any CPU
		{0486671D-6486-4252-B187-41CE1D03857A}.Release|Any CPU.ActiveCfg = Release|Any CPU
		{0486671D-6486-4252-B187-41CE1D03857A}.Release|Any CPU.Build.0 = Release|Any CPU
		{89CDF5CF-BFDC-4C50-BBF8-C3FD7941DC29}.Debug|Any CPU.ActiveCfg = Debug|Any CPU
		{89CDF5CF-BFDC-4C50-BBF8-C3FD7941DC29}.Debug|Any CPU.Build.0 = Debug|Any CPU
		{89CDF5CF-BFDC-4C50-BBF8-C3FD7941DC29}.Release|Any CPU.ActiveCfg = Release|Any CPU
		{89CDF5CF-BFDC-4C50-BBF8-C3FD7941DC29}.Release|Any CPU.Build.0 = Release|Any CPU
	EndGlobalSection
	GlobalSection(SolutionProperties) = preSolution
		HideSolutionNode = FALSE
	EndGlobalSection
	GlobalSection(ExtensibilityGlobals) = postSolution
		SolutionGuid = {BE4E0FB5-80CF-4778-A4DE-897688518AA7}
	EndGlobalSection
EndGlobal
